
Microsoft Visual Studio Solution File, Format Version 12.00
# Visual Studio 15
VisualStudioVersion = 15.0.27004.2010
MinimumVisualStudioVersion = 10.0.40219.1
Project("{FAE04EC0-301F-11D3-BF4B-00C04F79EFBC}") = "CashflowCalculator", "CashflowCalculator\CashflowCalculator.csproj", "{CD662BD0-112F-4D8E-82C3-ADF252DA3135}"
EndProject
Project("{2150E333-8FDC-42A3-9474-1A3956D46DE8}") = "Solution Items", "Solution Items", "{AEBF53ED-2334-4FDE-8EBB-B85D584FA12F}"
	ProjectSection(SolutionItems) = preProject
		ReadMe.md = ReadMe.md
	EndProjectSection
EndProject
Project("{FAE04EC0-301F-11D3-BF4B-00C04F79EFBC}") = "CashflowCalculator.Models", "CashflowCalculator.Models\CashflowCalculator.Models.csproj", "{EF0D0F73-3352-46EF-A566-B86FA89E9771}"
EndProject
Project("{FAE04EC0-301F-11D3-BF4B-00C04F79EFBC}") = "CashflowCalculator.ConsoleApp", "CashflowCalculator.ConsoleApp\CashflowCalculator.ConsoleApp.csproj", "{8F37BC5D-0C52-4F60-B82E-43A161185219}"
EndProject
Project("{FAE04EC0-301F-11D3-BF4B-00C04F79EFBC}") = "CashflowCalculator.DAL", "CashflowCalculator.DAL\CashflowCalculator.DAL.csproj", "{53F44BAB-4CB7-4B48-8F50-836CBDD15650}"
EndProject
Project("{FAE04EC0-301F-11D3-BF4B-00C04F79EFBC}") = "CashflowCalculator.API", "CashflowCalculator.API\CashflowCalculator.API.csproj", "{8DCB2AB7-2864-4ED6-8BDC-3B8974CC3DBD}"
EndProject
Project("{FAE04EC0-301F-11D3-BF4B-00C04F79EFBC}") = "CashflowCalculator.GUI", "CashflowCalculator.GUI\CashflowCalculator.GUI.csproj", "{4C6BCA85-4C52-44F4-B492-FE3A71D9E55C}"
EndProject
Project("{FAE04EC0-301F-11D3-BF4B-00C04F79EFBC}") = "WebApplication1", "WebApplication1\WebApplication1.csproj", "{75F8D822-FD74-4801-9DE0-C335FBB53C42}"
EndProject
Global
	GlobalSection(SolutionConfigurationPlatforms) = preSolution
		Debug|Any CPU = Debug|Any CPU
		Release|Any CPU = Release|Any CPU
	EndGlobalSection
	GlobalSection(ProjectConfigurationPlatforms) = postSolution
		{CD662BD0-112F-4D8E-82C3-ADF252DA3135}.Debug|Any CPU.ActiveCfg = Debug|Any CPU
		{CD662BD0-112F-4D8E-82C3-ADF252DA3135}.Debug|Any CPU.Build.0 = Debug|Any CPU
		{CD662BD0-112F-4D8E-82C3-ADF252DA3135}.Release|Any CPU.ActiveCfg = Release|Any CPU
		{CD662BD0-112F-4D8E-82C3-ADF252DA3135}.Release|Any CPU.Build.0 = Release|Any CPU
		{EF0D0F73-3352-46EF-A566-B86FA89E9771}.Debug|Any CPU.ActiveCfg = Debug|Any CPU
		{EF0D0F73-3352-46EF-A566-B86FA89E9771}.Debug|Any CPU.Build.0 = Debug|Any CPU
		{EF0D0F73-3352-46EF-A566-B86FA89E9771}.Release|Any CPU.ActiveCfg = Release|Any CPU
		{EF0D0F73-3352-46EF-A566-B86FA89E9771}.Release|Any CPU.Build.0 = Release|Any CPU
		{8F37BC5D-0C52-4F60-B82E-43A161185219}.Debug|Any CPU.ActiveCfg = Debug|Any CPU
		{8F37BC5D-0C52-4F60-B82E-43A161185219}.Debug|Any CPU.Build.0 = Debug|Any CPU
		{8F37BC5D-0C52-4F60-B82E-43A161185219}.Release|Any CPU.ActiveCfg = Release|Any CPU
		{8F37BC5D-0C52-4F60-B82E-43A161185219}.Release|Any CPU.Build.0 = Release|Any CPU
		{53F44BAB-4CB7-4B48-8F50-836CBDD15650}.Debug|Any CPU.ActiveCfg = Debug|Any CPU
		{53F44BAB-4CB7-4B48-8F50-836CBDD15650}.Debug|Any CPU.Build.0 = Debug|Any CPU
		{53F44BAB-4CB7-4B48-8F50-836CBDD15650}.Release|Any CPU.ActiveCfg = Release|Any CPU
		{53F44BAB-4CB7-4B48-8F50-836CBDD15650}.Release|Any CPU.Build.0 = Release|Any CPU
		{8DCB2AB7-2864-4ED6-8BDC-3B8974CC3DBD}.Debug|Any CPU.ActiveCfg = Debug|Any CPU
		{8DCB2AB7-2864-4ED6-8BDC-3B8974CC3DBD}.Debug|Any CPU.Build.0 = Debug|Any CPU
		{8DCB2AB7-2864-4ED6-8BDC-3B8974CC3DBD}.Release|Any CPU.ActiveCfg = Release|Any CPU
		{8DCB2AB7-2864-4ED6-8BDC-3B8974CC3DBD}.Release|Any CPU.Build.0 = Release|Any CPU
		{4C6BCA85-4C52-44F4-B492-FE3A71D9E55C}.Debug|Any CPU.ActiveCfg = Debug|Any CPU
		{4C6BCA85-4C52-44F4-B492-FE3A71D9E55C}.Debug|Any CPU.Build.0 = Debug|Any CPU
		{4C6BCA85-4C52-44F4-B492-FE3A71D9E55C}.Release|Any CPU.ActiveCfg = Release|Any CPU
		{4C6BCA85-4C52-44F4-B492-FE3A71D9E55C}.Release|Any CPU.Build.0 = Release|Any CPU
		{75F8D822-FD74-4801-9DE0-C335FBB53C42}.Debug|Any CPU.ActiveCfg = Debug|Any CPU
		{75F8D822-FD74-4801-9DE0-C335FBB53C42}.Debug|Any CPU.Build.0 = Debug|Any CPU
		{75F8D822-FD74-4801-9DE0-C335FBB53C42}.Release|Any CPU.ActiveCfg = Release|Any CPU
		{75F8D822-FD74-4801-9DE0-C335FBB53C42}.Release|Any CPU.Build.0 = Release|Any CPU
	EndGlobalSection
	GlobalSection(SolutionProperties) = preSolution
		HideSolutionNode = FALSE
	EndGlobalSection
	GlobalSection(ExtensibilityGlobals) = postSolution
		SolutionGuid = {54AA8B97-FF3F-480F-884C-58F4BF7DF5F5}
	EndGlobalSection
EndGlobal
